
Microsoft Visual Studio Solution File, Format Version 12.00
Project("{2150E333-8FDC-42A3-9474-1A3956D46DE8}") = "docs", "docs", "{9B76232B-B077-4B51-8488-84EF71A9E8A5}"
EndProject
Project("{FAE04EC0-301F-11D3-BF4B-00C04F79EFBC}") = "EmployeeManagementServer.Documentation", "docs\EmployeeManagementServer.Documentation\EmployeeManagementServer.Documentation.csproj", "{33D2EB62-E9D7-499E-8105-7C069072EDC8}"
EndProject
Global
	GlobalSection(SolutionConfigurationPlatforms) = preSolution
		Debug|Any CPU = Debug|Any CPU
		Release|Any CPU = Release|Any CPU
	EndGlobalSection
	GlobalSection(NestedProjects) = preSolution
		{33D2EB62-E9D7-499E-8105-7C069072EDC8} = {9B76232B-B077-4B51-8488-84EF71A9E8A5}
	EndGlobalSection
	GlobalSection(ProjectConfigurationPlatforms) = postSolution
		{33D2EB62-E9D7-499E-8105-7C069072EDC8}.Debug|Any CPU.ActiveCfg = Debug|Any CPU
		{33D2EB62-E9D7-499E-8105-7C069072EDC8}.Debug|Any CPU.Build.0 = Debug|Any CPU
		{33D2EB62-E9D7-499E-8105-7C069072EDC8}.Release|Any CPU.ActiveCfg = Release|Any CPU
		{33D2EB62-E9D7-499E-8105-7C069072EDC8}.Release|Any CPU.Build.0 = Release|Any CPU
	EndGlobalSection
EndGlobal
